
Microsoft Visual Studio Solution File, Format Version 12.00
Project("{FAE04EC0-301F-11D3-BF4B-00C04F79EFBC}") = "Core", "Core\Core.csproj", "{98899BE0-8079-45C5-ABE8-8E94887D4D66}"
EndProject
Project("{FAE04EC0-301F-11D3-BF4B-00C04F79EFBC}") = "Tests", "Tests\Tests.csproj", "{EA04D4E7-0A5E-409E-840C-07250C15FDEA}"
EndProject
Project("{FAE04EC0-301F-11D3-BF4B-00C04F79EFBC}") = "TelegramIntegrator", "TelegramIntegrator\TelegramIntegrator.csproj", "{71A59A78-3A2A-4742-A379-4B0A32CC3518}"
EndProject
Project("{FAE04EC0-301F-11D3-BF4B-00C04F79EFBC}") = "Data", "Data\Data.csproj", "{31882AF3-F4AF-4C05-A2CF-55CA14AFF9F7}"
EndProject
Project("{FAE04EC0-301F-11D3-BF4B-00C04F79EFBC}") = "Operational", "Operational\Operational.csproj", "{CB5893E4-440E-4340-B82D-589056C33F25}"
Project("{FAE04EC0-301F-11D3-BF4B-00C04F79EFBC}") = "Client", "Client\Client.csproj", "{E1982B0C-AC33-4FFD-9FCF-83D5E39E79FD}"
EndProject
Project("{FAE04EC0-301F-11D3-BF4B-00C04F79EFBC}") = "Server", "Server\Server.csproj", "{F2C7BD01-057E-494B-AD04-05A1BC8691E9}"
EndProject
Global
	GlobalSection(SolutionConfigurationPlatforms) = preSolution
		Debug|Any CPU = Debug|Any CPU
		Release|Any CPU = Release|Any CPU
	EndGlobalSection
	GlobalSection(ProjectConfigurationPlatforms) = postSolution
		{98899BE0-8079-45C5-ABE8-8E94887D4D66}.Debug|Any CPU.ActiveCfg = Debug|Any CPU
		{98899BE0-8079-45C5-ABE8-8E94887D4D66}.Debug|Any CPU.Build.0 = Debug|Any CPU
		{98899BE0-8079-45C5-ABE8-8E94887D4D66}.Release|Any CPU.ActiveCfg = Release|Any CPU
		{98899BE0-8079-45C5-ABE8-8E94887D4D66}.Release|Any CPU.Build.0 = Release|Any CPU
		{EA04D4E7-0A5E-409E-840C-07250C15FDEA}.Debug|Any CPU.ActiveCfg = Debug|Any CPU
		{EA04D4E7-0A5E-409E-840C-07250C15FDEA}.Debug|Any CPU.Build.0 = Debug|Any CPU
		{EA04D4E7-0A5E-409E-840C-07250C15FDEA}.Release|Any CPU.ActiveCfg = Release|Any CPU
		{EA04D4E7-0A5E-409E-840C-07250C15FDEA}.Release|Any CPU.Build.0 = Release|Any CPU
		{71A59A78-3A2A-4742-A379-4B0A32CC3518}.Debug|Any CPU.ActiveCfg = Debug|Any CPU
		{71A59A78-3A2A-4742-A379-4B0A32CC3518}.Debug|Any CPU.Build.0 = Debug|Any CPU
		{71A59A78-3A2A-4742-A379-4B0A32CC3518}.Release|Any CPU.ActiveCfg = Release|Any CPU
		{71A59A78-3A2A-4742-A379-4B0A32CC3518}.Release|Any CPU.Build.0 = Release|Any CPU
		{31882AF3-F4AF-4C05-A2CF-55CA14AFF9F7}.Debug|Any CPU.ActiveCfg = Debug|Any CPU
		{31882AF3-F4AF-4C05-A2CF-55CA14AFF9F7}.Debug|Any CPU.Build.0 = Debug|Any CPU
		{31882AF3-F4AF-4C05-A2CF-55CA14AFF9F7}.Release|Any CPU.ActiveCfg = Release|Any CPU
		{31882AF3-F4AF-4C05-A2CF-55CA14AFF9F7}.Release|Any CPU.Build.0 = Release|Any CPU
		{E1982B0C-AC33-4FFD-9FCF-83D5E39E79FD}.Debug|Any CPU.ActiveCfg = Debug|Any CPU
		{E1982B0C-AC33-4FFD-9FCF-83D5E39E79FD}.Debug|Any CPU.Build.0 = Debug|Any CPU
		{E1982B0C-AC33-4FFD-9FCF-83D5E39E79FD}.Release|Any CPU.ActiveCfg = Release|Any CPU
		{E1982B0C-AC33-4FFD-9FCF-83D5E39E79FD}.Release|Any CPU.Build.0 = Release|Any CPU
		{CB5893E4-440E-4340-B82D-589056C33F25}.Debug|Any CPU.ActiveCfg = Debug|Any CPU
		{CB5893E4-440E-4340-B82D-589056C33F25}.Debug|Any CPU.Build.0 = Debug|Any CPU
		{CB5893E4-440E-4340-B82D-589056C33F25}.Release|Any CPU.ActiveCfg = Release|Any CPU
		{CB5893E4-440E-4340-B82D-589056C33F25}.Release|Any CPU.Build.0 = Release|Any CPU
		{F2C7BD01-057E-494B-AD04-05A1BC8691E9}.Debug|Any CPU.ActiveCfg = Debug|Any CPU
		{F2C7BD01-057E-494B-AD04-05A1BC8691E9}.Debug|Any CPU.Build.0 = Debug|Any CPU
		{F2C7BD01-057E-494B-AD04-05A1BC8691E9}.Release|Any CPU.ActiveCfg = Release|Any CPU
		{F2C7BD01-057E-494B-AD04-05A1BC8691E9}.Release|Any CPU.Build.0 = Release|Any CPU
	EndGlobalSection
EndGlobal
